
Microsoft Visual Studio Solution File, Format Version 12.00
# Visual Studio Version 17
VisualStudioVersion = 17.5.33424.131
MinimumVisualStudioVersion = 10.0.40219.1
Project("{FAE04EC0-301F-11D3-BF4B-00C04F79EFBC}") = "POO_WF_TrabalhoFinal", "POO_WF_TrabalhoFinal.csproj", "{6C67E903-EC2E-4374-842D-06D1D2487AD7}"
EndProject
Global
	GlobalSection(SolutionConfigurationPlatforms) = preSolution
		Debug|Any CPU = Debug|Any CPU
		Release|Any CPU = Release|Any CPU
	EndGlobalSection
	GlobalSection(ProjectConfigurationPlatforms) = postSolution
		{6C67E903-EC2E-4374-842D-06D1D2487AD7}.Debug|Any CPU.ActiveCfg = Debug|Any CPU
		{6C67E903-EC2E-4374-842D-06D1D2487AD7}.Debug|Any CPU.Build.0 = Debug|Any CPU
		{6C67E903-EC2E-4374-842D-06D1D2487AD7}.Release|Any CPU.ActiveCfg = Release|Any CPU
		{6C67E903-EC2E-4374-842D-06D1D2487AD7}.Release|Any CPU.Build.0 = Release|Any CPU
	EndGlobalSection
	GlobalSection(SolutionProperties) = preSolution
		HideSolutionNode = FALSE
	EndGlobalSection
	GlobalSection(ExtensibilityGlobals) = postSolution
		SolutionGuid = {312012BE-5460-4520-A106-A6F63F3015C7}
	EndGlobalSection
EndGlobal
